
Microsoft Visual Studio Solution File, Format Version 12.00
# Visual Studio 15
VisualStudioVersion = 15.0.27130.2027
MinimumVisualStudioVersion = 10.0.40219.1
Project("{9A19103F-16F7-4668-BE54-9A1E7A4F7556}") = "UploadService", "UploadService\UploadService.csproj", "{8CCB9504-D6D7-4D5F-A1DE-9B6EA0E8D398}"
EndProject
Project("{9A19103F-16F7-4668-BE54-9A1E7A4F7556}") = "UploadService.Tests.Unit", "UploadService.Tests.Unit\UploadService.Tests.Unit.csproj", "{CF1A75DC-4585-4D1E-9C91-86CB41AD8E2A}"
EndProject
Project("{2150E333-8FDC-42A3-9474-1A3956D46DE8}") = "ci", "ci", "{C2689D9D-E5ED-471A-9619-B4C6B82F8790}"
	ProjectSection(SolutionItems) = preProject
		ci\CreateGitRelease.ps1 = ci\CreateGitRelease.ps1
		ci\GetBuilds.ps1 = ci\GetBuilds.ps1
		ci\GetGitReleases.ps1 = ci\GetGitReleases.ps1
		ci\Jenkinsenv = ci\Jenkinsenv
		ci\Jenkinsfile = ci\Jenkinsfile
		ci\Prodfile.groovy = ci\Prodfile.groovy
	EndProjectSection
EndProject
Global
	GlobalSection(SolutionConfigurationPlatforms) = preSolution
		Debug|Any CPU = Debug|Any CPU
		Release|Any CPU = Release|Any CPU
	EndGlobalSection
	GlobalSection(ProjectConfigurationPlatforms) = postSolution
		{8CCB9504-D6D7-4D5F-A1DE-9B6EA0E8D398}.Debug|Any CPU.ActiveCfg = Debug|Any CPU
		{8CCB9504-D6D7-4D5F-A1DE-9B6EA0E8D398}.Debug|Any CPU.Build.0 = Debug|Any CPU
		{8CCB9504-D6D7-4D5F-A1DE-9B6EA0E8D398}.Release|Any CPU.ActiveCfg = Release|Any CPU
		{8CCB9504-D6D7-4D5F-A1DE-9B6EA0E8D398}.Release|Any CPU.Build.0 = Release|Any CPU
		{CF1A75DC-4585-4D1E-9C91-86CB41AD8E2A}.Debug|Any CPU.ActiveCfg = Debug|Any CPU
		{CF1A75DC-4585-4D1E-9C91-86CB41AD8E2A}.Debug|Any CPU.Build.0 = Debug|Any CPU
		{CF1A75DC-4585-4D1E-9C91-86CB41AD8E2A}.Release|Any CPU.ActiveCfg = Release|Any CPU
		{CF1A75DC-4585-4D1E-9C91-86CB41AD8E2A}.Release|Any CPU.Build.0 = Release|Any CPU
	EndGlobalSection
	GlobalSection(SolutionProperties) = preSolution
		HideSolutionNode = FALSE
	EndGlobalSection
	GlobalSection(ExtensibilityGlobals) = postSolution
		SolutionGuid = {79EC364E-FEE1-4963-9173-E6CBF7B63560}
	EndGlobalSection
EndGlobal
